// !$*UTF8*$!
{
	archiveVersion = 1;
	classes = {
	};
	objectVersion = 46;
	objects = {

/* Begin PBXBuildFile section */
		9C1A3F6D96A4A57239C5A6D0 /* Pods_MyMeteo.framework in Frameworks */ = {isa = PBXBuildFile; fileRef = BD9E6DD856EA4F7E4BDA1F55 /* Pods_MyMeteo.framework */; };
		9C4E23261DDD17B900269442 /* AppDelegate.swift in Sources */ = {isa = PBXBuildFile; fileRef = 9C4E23251DDD17B900269442 /* AppDelegate.swift */; };
		9C4E23281DDD17B900269442 /* ViewController.swift in Sources */ = {isa = PBXBuildFile; fileRef = 9C4E23271DDD17B900269442 /* ViewController.swift */; };
		9C4E232B1DDD17B900269442 /* Main.storyboard in Resources */ = {isa = PBXBuildFile; fileRef = 9C4E23291DDD17B900269442 /* Main.storyboard */; };
		9C4E232E1DDD17B900269442 /* MyMeteo.xcdatamodeld in Sources */ = {isa = PBXBuildFile; fileRef = 9C4E232C1DDD17B900269442 /* MyMeteo.xcdatamodeld */; };
		9C4E23301DDD17B900269442 /* Assets.xcassets in Resources */ = {isa = PBXBuildFile; fileRef = 9C4E232F1DDD17B900269442 /* Assets.xcassets */; };
		9C4E23331DDD17B900269442 /* LaunchScreen.storyboard in Resources */ = {isa = PBXBuildFile; fileRef = 9C4E23311DDD17B900269442 /* LaunchScreen.storyboard */; };
		9C4E233F1DDD1A2A00269442 /* Constants.swift in Sources */ = {isa = PBXBuildFile; fileRef = 9C4E233E1DDD1A2A00269442 /* Constants.swift */; };
		9C4E23411DDD4A8F00269442 /* DailyForecast.swift in Sources */ = {isa = PBXBuildFile; fileRef = 9C4E23401DDD4A8F00269442 /* DailyForecast.swift */; };
		9C4E23431DDD51C300269442 /* AlamofireDomain.framework in Frameworks */ = {isa = PBXBuildFile; fileRef = 9C4E23421DDD51C300269442 /* AlamofireDomain.framework */; };
		9C4E23471DDDE14200269442 /* ForecastTableViewCell.swift in Sources */ = {isa = PBXBuildFile; fileRef = 9C4E23461DDDE14200269442 /* ForecastTableViewCell.swift */; };
		9C4E23491DDE0C2000269442 /* DetailViewController.swift in Sources */ = {isa = PBXBuildFile; fileRef = 9C4E23481DDE0C2000269442 /* DetailViewController.swift */; };
/* End PBXBuildFile section */

/* Begin PBXFileReference section */
		6CE2F2DC9FF62457DFEF5D39 /* Pods-MyMeteo.release.xcconfig */ = {isa = PBXFileReference; includeInIndex = 1; lastKnownFileType = text.xcconfig; name = "Pods-MyMeteo.release.xcconfig"; path = "Pods/Target Support Files/Pods-MyMeteo/Pods-MyMeteo.release.xcconfig"; sourceTree = "<group>"; };
		9C4E23221DDD17B800269442 /* MyMeteo.app */ = {isa = PBXFileReference; explicitFileType = wrapper.application; includeInIndex = 0; path = MyMeteo.app; sourceTree = BUILT_PRODUCTS_DIR; };
		9C4E23251DDD17B900269442 /* AppDelegate.swift */ = {isa = PBXFileReference; lastKnownFileType = sourcecode.swift; path = AppDelegate.swift; sourceTree = "<group>"; };
		9C4E23271DDD17B900269442 /* ViewController.swift */ = {isa = PBXFileReference; lastKnownFileType = sourcecode.swift; path = ViewController.swift; sourceTree = "<group>"; };
		9C4E232A1DDD17B900269442 /* Base */ = {isa = PBXFileReference; lastKnownFileType = file.storyboard; name = Base; path = Base.lproj/Main.storyboard; sourceTree = "<group>"; };
		9C4E232D1DDD17B900269442 /* MyMeteo.xcdatamodel */ = {isa = PBXFileReference; lastKnownFileType = wrapper.xcdatamodel; path = MyMeteo.xcdatamodel; sourceTree = "<group>"; };
		9C4E232F1DDD17B900269442 /* Assets.xcassets */ = {isa = PBXFileReference; lastKnownFileType = folder.assetcatalog; path = Assets.xcassets; sourceTree = "<group>"; };
		9C4E23321DDD17B900269442 /* Base */ = {isa = PBXFileReference; lastKnownFileType = file.storyboard; name = Base; path = Base.lproj/LaunchScreen.storyboard; sourceTree = "<group>"; };
		9C4E23341DDD17B900269442 /* Info.plist */ = {isa = PBXFileReference; lastKnownFileType = text.plist.xml; path = Info.plist; sourceTree = "<group>"; };
		9C4E233E1DDD1A2A00269442 /* Constants.swift */ = {isa = PBXFileReference; fileEncoding = 4; lastKnownFileType = sourcecode.swift; path = Constants.swift; sourceTree = "<group>"; };
		9C4E23401DDD4A8F00269442 /* DailyForecast.swift */ = {isa = PBXFileReference; fileEncoding = 4; lastKnownFileType = sourcecode.swift; path = DailyForecast.swift; sourceTree = "<group>"; };
		9C4E23421DDD51C300269442 /* AlamofireDomain.framework */ = {isa = PBXFileReference; lastKnownFileType = wrapper.framework; name = AlamofireDomain.framework; path = "../../Library/Developer/Xcode/DerivedData/MyMeteo-goqluceohxycypambvavcjpvggbt/Build/Products/Debug-iphonesimulator/AlamofireDomain/AlamofireDomain.framework"; sourceTree = "<group>"; };
		9C4E23461DDDE14200269442 /* ForecastTableViewCell.swift */ = {isa = PBXFileReference; fileEncoding = 4; lastKnownFileType = sourcecode.swift; path = ForecastTableViewCell.swift; sourceTree = "<group>"; };
		9C4E23481DDE0C2000269442 /* DetailViewController.swift */ = {isa = PBXFileReference; fileEncoding = 4; lastKnownFileType = sourcecode.swift; path = DetailViewController.swift; sourceTree = "<group>"; };
		AD788F4BAA18BF7873EE6AC8 /* Pods-MyMeteo.debug.xcconfig */ = {isa = PBXFileReference; includeInIndex = 1; lastKnownFileType = text.xcconfig; name = "Pods-MyMeteo.debug.xcconfig"; path = "Pods/Target Support Files/Pods-MyMeteo/Pods-MyMeteo.debug.xcconfig"; sourceTree = "<group>"; };
		BD9E6DD856EA4F7E4BDA1F55 /* Pods_MyMeteo.framework */ = {isa = PBXFileReference; explicitFileType = wrapper.framework; includeInIndex = 0; path = Pods_MyMeteo.framework; sourceTree = BUILT_PRODUCTS_DIR; };
/* End PBXFileReference section */

/* Begin PBXFrameworksBuildPhase section */
		9C4E231F1DDD17B800269442 /* Frameworks */ = {
			isa = PBXFrameworksBuildPhase;
			buildActionMask = 2147483647;
			files = (
				9C4E23431DDD51C300269442 /* AlamofireDomain.framework in Frameworks */,
				9C1A3F6D96A4A57239C5A6D0 /* Pods_MyMeteo.framework in Frameworks */,
			);
			runOnlyForDeploymentPostprocessing = 0;
		};
/* End PBXFrameworksBuildPhase section */

/* Begin PBXGroup section */
		1A84F503156094903A7EB12A /* Frameworks */ = {
			isa = PBXGroup;
			children = (
				9C4E23421DDD51C300269442 /* AlamofireDomain.framework */,
				BD9E6DD856EA4F7E4BDA1F55 /* Pods_MyMeteo.framework */,
			);
			name = Frameworks;
			sourceTree = "<group>";
		};
		4CEE8B56438F17FC98B70B16 /* Pods */ = {
			isa = PBXGroup;
			children = (
				AD788F4BAA18BF7873EE6AC8 /* Pods-MyMeteo.debug.xcconfig */,
				6CE2F2DC9FF62457DFEF5D39 /* Pods-MyMeteo.release.xcconfig */,
			);
			name = Pods;
			sourceTree = "<group>";
		};
		9C4E23191DDD17B800269442 = {
			isa = PBXGroup;
			children = (
				9C4E23241DDD17B800269442 /* MyMeteo */,
				9C4E23231DDD17B800269442 /* Products */,
				1A84F503156094903A7EB12A /* Frameworks */,
				4CEE8B56438F17FC98B70B16 /* Pods */,
			);
			sourceTree = "<group>";
		};
		9C4E23231DDD17B800269442 /* Products */ = {
			isa = PBXGroup;
			children = (
				9C4E23221DDD17B800269442 /* MyMeteo.app */,
			);
			name = Products;
			sourceTree = "<group>";
		};
		9C4E23241DDD17B800269442 /* MyMeteo */ = {
			isa = PBXGroup;
			children = (
				9C4E233D1DDD1A1800269442 /* Utils */,
				9C4E233C1DDD1A0900269442 /* Controllers */,
				9C4E233B1DDD1A0300269442 /* Views */,
				9C4E233A1DDD19FD00269442 /* Models */,
				9C4E23251DDD17B900269442 /* AppDelegate.swift */,
				9C4E23291DDD17B900269442 /* Main.storyboard */,
				9C4E232F1DDD17B900269442 /* Assets.xcassets */,
				9C4E23311DDD17B900269442 /* LaunchScreen.storyboard */,
				9C4E23341DDD17B900269442 /* Info.plist */,
				9C4E232C1DDD17B900269442 /* MyMeteo.xcdatamodeld */,
			);
			path = MyMeteo;
			sourceTree = "<group>";
		};
		9C4E233A1DDD19FD00269442 /* Models */ = {
			isa = PBXGroup;
			children = (
				9C4E23401DDD4A8F00269442 /* DailyForecast.swift */,
			);
			name = Models;
			sourceTree = "<group>";
		};
		9C4E233B1DDD1A0300269442 /* Views */ = {
			isa = PBXGroup;
			children = (
				9C4E23461DDDE14200269442 /* ForecastTableViewCell.swift */,
			);
			name = Views;
			sourceTree = "<group>";
		};
		9C4E233C1DDD1A0900269442 /* Controllers */ = {
			isa = PBXGroup;
			children = (
				9C4E23271DDD17B900269442 /* ViewController.swift */,
				9C4E23481DDE0C2000269442 /* DetailViewController.swift */,
			);
			name = Controllers;
			sourceTree = "<group>";
		};
		9C4E233D1DDD1A1800269442 /* Utils */ = {
			isa = PBXGroup;
			children = (
				9C4E233E1DDD1A2A00269442 /* Constants.swift */,
			);
			name = Utils;
			sourceTree = "<group>";
		};
/* End PBXGroup section */

/* Begin PBXNativeTarget section */
		9C4E23211DDD17B800269442 /* MyMeteo */ = {
			isa = PBXNativeTarget;
			buildConfigurationList = 9C4E23371DDD17B900269442 /* Build configuration list for PBXNativeTarget "MyMeteo" */;
			buildPhases = (
				9D2D1DB933D101EB6C79782B /* [CP] Check Pods Manifest.lock */,
				9C4E231E1DDD17B800269442 /* Sources */,
				9C4E231F1DDD17B800269442 /* Frameworks */,
				9C4E23201DDD17B800269442 /* Resources */,
				EBE1456E7550BDCA929B45A8 /* [CP] Embed Pods Frameworks */,
				AAF1D6A6E55246A84698CF87 /* [CP] Copy Pods Resources */,
			);
			buildRules = (
			);
			dependencies = (
			);
			name = MyMeteo;
			productName = MyMeteo;
			productReference = 9C4E23221DDD17B800269442 /* MyMeteo.app */;
			productType = "com.apple.product-type.application";
		};
/* End PBXNativeTarget section */

/* Begin PBXProject section */
		9C4E231A1DDD17B800269442 /* Project object */ = {
			isa = PBXProject;
			attributes = {
				LastSwiftUpdateCheck = 0800;
				LastUpgradeCheck = 0800;
				ORGANIZATIONNAME = "Hermann Dorio";
				TargetAttributes = {
					9C4E23211DDD17B800269442 = {
						CreatedOnToolsVersion = 8.0;
						DevelopmentTeam = DWK63N5W8D;
						LastSwiftMigration = 0800;
						ProvisioningStyle = Automatic;
					};
				};
			};
			buildConfigurationList = 9C4E231D1DDD17B800269442 /* Build configuration list for PBXProject "MyMeteo" */;
			compatibilityVersion = "Xcode 3.2";
			developmentRegion = English;
			hasScannedForEncodings = 0;
			knownRegions = (
				en,
				Base,
			);
			mainGroup = 9C4E23191DDD17B800269442;
			productRefGroup = 9C4E23231DDD17B800269442 /* Products */;
			projectDirPath = "";
			projectRoot = "";
			targets = (
				9C4E23211DDD17B800269442 /* MyMeteo */,
			);
		};
/* End PBXProject section */

/* Begin PBXResourcesBuildPhase section */
		9C4E23201DDD17B800269442 /* Resources */ = {
			isa = PBXResourcesBuildPhase;
			buildActionMask = 2147483647;
			files = (
				9C4E23331DDD17B900269442 /* LaunchScreen.storyboard in Resources */,
				9C4E23301DDD17B900269442 /* Assets.xcassets in Resources */,
				9C4E232B1DDD17B900269442 /* Main.storyboard in Resources */,
			);
			runOnlyForDeploymentPostprocessing = 0;
		};
/* End PBXResourcesBuildPhase section */

/* Begin PBXShellScriptBuildPhase section */
		9D2D1DB933D101EB6C79782B /* [CP] Check Pods Manifest.lock */ = {
			isa = PBXShellScriptBuildPhase;
			buildActionMask = 2147483647;
			files = (
			);
			inputPaths = (
			);
			name = "[CP] Check Pods Manifest.lock";
			outputPaths = (
			);
			runOnlyForDeploymentPostprocessing = 0;
			shellPath = /bin/sh;
			shellScript = "diff \"${PODS_ROOT}/../Podfile.lock\" \"${PODS_ROOT}/Manifest.lock\" > /dev/null\nif [ $? != 0 ] ; then\n    # print error to STDERR\n    echo \"error: The sandbox is not in sync with the Podfile.lock. Run 'pod install' or update your CocoaPods installation.\" >&2\n    exit 1\nfi\n";
			showEnvVarsInLog = 0;
		};
		AAF1D6A6E55246A84698CF87 /* [CP] Copy Pods Resources */ = {
			isa = PBXShellScriptBuildPhase;
			buildActionMask = 2147483647;
			files = (
			);
			inputPaths = (
			);
			name = "[CP] Copy Pods Resources";
			outputPaths = (
			);
			runOnlyForDeploymentPostprocessing = 0;
			shellPath = /bin/sh;
			shellScript = "\"${SRCROOT}/Pods/Target Support Files/Pods-MyMeteo/Pods-MyMeteo-resources.sh\"\n";
			showEnvVarsInLog = 0;
		};
		EBE1456E7550BDCA929B45A8 /* [CP] Embed Pods Frameworks */ = {
			isa = PBXShellScriptBuildPhase;
			buildActionMask = 2147483647;
			files = (
			);
			inputPaths = (
			);
			name = "[CP] Embed Pods Frameworks";
			outputPaths = (
			);
			runOnlyForDeploymentPostprocessing = 0;
			shellPath = /bin/sh;
			shellScript = "\"${SRCROOT}/Pods/Target Support Files/Pods-MyMeteo/Pods-MyMeteo-frameworks.sh\"\n";
			showEnvVarsInLog = 0;
		};
/* End PBXShellScriptBuildPhase section */

/* Begin PBXSourcesBuildPhase section */
		9C4E231E1DDD17B800269442 /* Sources */ = {
			isa = PBXSourcesBuildPhase;
			buildActionMask = 2147483647;
			files = (
				9C4E23281DDD17B900269442 /* ViewController.swift in Sources */,
				9C4E232E1DDD17B900269442 /* MyMeteo.xcdatamodeld in Sources */,
				9C4E23261DDD17B900269442 /* AppDelegate.swift in Sources */,
				9C4E233F1DDD1A2A00269442 /* Constants.swift in Sources */,
				9C4E23411DDD4A8F00269442 /* DailyForecast.swift in Sources */,
				9C4E23471DDDE14200269442 /* ForecastTableViewCell.swift in Sources */,
				9C4E23491DDE0C2000269442 /* DetailViewController.swift in Sources */,
			);
			runOnlyForDeploymentPostprocessing = 0;
		};
/* End PBXSourcesBuildPhase section */

/* Begin PBXVariantGroup section */
		9C4E23291DDD17B900269442 /* Main.storyboard */ = {
			isa = PBXVariantGroup;
			children = (
				9C4E232A1DDD17B900269442 /* Base */,
			);
			name = Main.storyboard;
			sourceTree = "<group>";
		};
		9C4E23311DDD17B900269442 /* LaunchScreen.storyboard */ = {
			isa = PBXVariantGroup;
			children = (
				9C4E23321DDD17B900269442 /* Base */,
			);
			name = LaunchScreen.storyboard;
			sourceTree = "<group>";
		};
/* End PBXVariantGroup section */

/* Begin XCBuildConfiguration section */
		9C4E23351DDD17B900269442 /* Debug */ = {
			isa = XCBuildConfiguration;
			buildSettings = {
				ALWAYS_SEARCH_USER_PATHS = NO;
				CLANG_ANALYZER_NONNULL = YES;
				CLANG_CXX_LANGUAGE_STANDARD = "gnu++0x";
				CLANG_CXX_LIBRARY = "libc++";
				CLANG_ENABLE_MODULES = YES;
				CLANG_ENABLE_OBJC_ARC = YES;
				CLANG_WARN_BOOL_CONVERSION = YES;
				CLANG_WARN_CONSTANT_CONVERSION = YES;
				CLANG_WARN_DIRECT_OBJC_ISA_USAGE = YES_ERROR;
				CLANG_WARN_DOCUMENTATION_COMMENTS = YES;
				CLANG_WARN_EMPTY_BODY = YES;
				CLANG_WARN_ENUM_CONVERSION = YES;
				CLANG_WARN_INFINITE_RECURSION = YES;
				CLANG_WARN_INT_CONVERSION = YES;
				CLANG_WARN_OBJC_ROOT_CLASS = YES_ERROR;
				CLANG_WARN_SUSPICIOUS_MOVES = YES;
				CLANG_WARN_UNREACHABLE_CODE = YES;
				CLANG_WARN__DUPLICATE_METHOD_MATCH = YES;
				"CODE_SIGN_IDENTITY[sdk=iphoneos*]" = "iPhone Developer";
				COPY_PHASE_STRIP = NO;
				DEBUG_INFORMATION_FORMAT = dwarf;
				ENABLE_STRICT_OBJC_MSGSEND = YES;
				ENABLE_TESTABILITY = YES;
				GCC_C_LANGUAGE_STANDARD = gnu99;
				GCC_DYNAMIC_NO_PIC = NO;
				GCC_NO_COMMON_BLOCKS = YES;
				GCC_OPTIMIZATION_LEVEL = 0;
				GCC_PREPROCESSOR_DEFINITIONS = (
					"DEBUG=1",
					"$(inherited)",
				);
				GCC_WARN_64_TO_32_BIT_CONVERSION = YES;
				GCC_WARN_ABOUT_RETURN_TYPE = YES_ERROR;
				GCC_WARN_UNDECLARED_SELECTOR = YES;
				GCC_WARN_UNINITIALIZED_AUTOS = YES_AGGRESSIVE;
				GCC_WARN_UNUSED_FUNCTION = YES;
				GCC_WARN_UNUSED_VARIABLE = YES;
				IPHONEOS_DEPLOYMENT_TARGET = 8.0;
				MTL_ENABLE_DEBUG_INFO = YES;
				ONLY_ACTIVE_ARCH = YES;
				SDKROOT = iphoneos;
				SWIFT_ACTIVE_COMPILATION_CONDITIONS = DEBUG;
				SWIFT_OPTIMIZATION_LEVEL = "-Onone";
				TARGETED_DEVICE_FAMILY = "1,2";
			};
			name = Debug;
		};
		9C4E23361DDD17B900269442 /* Release */ = {
			isa = XCBuildConfiguration;
			buildSettings = {
				ALWAYS_SEARCH_USER_PATHS = NO;
				CLANG_ANALYZER_NONNULL = YES;
				CLANG_CXX_LANGUAGE_STANDARD = "gnu++0x";
				CLANG_CXX_LIBRARY = "libc++";
				CLANG_ENABLE_MODULES = YES;
				CLANG_ENABLE_OBJC_ARC = YES;
				CLANG_WARN_BOOL_CONVERSION = YES;
				CLANG_WARN_CONSTANT_CONVERSION = YES;
				CLANG_WARN_DIRECT_OBJC_ISA_USAGE = YES_ERROR;
				CLANG_WARN_DOCUMENTATION_COMMENTS = YES;
				CLANG_WARN_EMPTY_BODY = YES;
				CLANG_WARN_ENUM_CONVERSION = YES;
				CLANG_WARN_INFINITE_RECURSION = YES;
				CLANG_WARN_INT_CONVERSION = YES;
				CLANG_WARN_OBJC_ROOT_CLASS = YES_ERROR;
				CLANG_WARN_SUSPICIOUS_MOVES = YES;
				CLANG_WARN_UNREACHABLE_CODE = YES;
				CLANG_WARN__DUPLICATE_METHOD_MATCH = YES;
				"CODE_SIGN_IDENTITY[sdk=iphoneos*]" = "iPhone Developer";
				COPY_PHASE_STRIP = NO;
				DEBUG_INFORMATION_FORMAT = "dwarf-with-dsym";
				ENABLE_NS_ASSERTIONS = NO;
				ENABLE_STRICT_OBJC_MSGSEND = YES;
				GCC_C_LANGUAGE_STANDARD = gnu99;
				GCC_NO_COMMON_BLOCKS = YES;
				GCC_WARN_64_TO_32_BIT_CONVERSION = YES;
				GCC_WARN_ABOUT_RETURN_TYPE = YES_ERROR;
				GCC_WARN_UNDECLARED_SELECTOR = YES;
				GCC_WARN_UNINITIALIZED_AUTOS = YES_AGGRESSIVE;
				GCC_WARN_UNUSED_FUNCTION = YES;
				GCC_WARN_UNUSED_VARIABLE = YES;
				IPHONEOS_DEPLOYMENT_TARGET = 8.0;
				MTL_ENABLE_DEBUG_INFO = NO;
				SDKROOT = iphoneos;
				SWIFT_OPTIMIZATION_LEVEL = "-Owholemodule";
				TARGETED_DEVICE_FAMILY = "1,2";
				VALIDATE_PRODUCT = YES;
			};
			name = Release;
		};
		9C4E23381DDD17B900269442 /* Debug */ = {
			isa = XCBuildConfiguration;
			baseConfigurationReference = AD788F4BAA18BF7873EE6AC8 /* Pods-MyMeteo.debug.xcconfig */;
			buildSettings = {
				ASSETCATALOG_COMPILER_APPICON_NAME = AppIcon;
				DEVELOPMENT_TEAM = DWK63N5W8D;
				INFOPLIST_FILE = MyMeteo/Info.plist;
				IPHONEOS_DEPLOYMENT_TARGET = 8.0;
				LD_RUNPATH_SEARCH_PATHS = "$(inherited) @executable_path/Frameworks";
				PRODUCT_BUNDLE_IDENTIFIER = com.hermanndorio.MyMeteo;
				PRODUCT_NAME = "$(TARGET_NAME)";
				SWIFT_VERSION = 3.0;
			};
			name = Debug;
		};
		9C4E23391DDD17B900269442 /* Release */ = {
			isa = XCBuildConfiguration;
			baseConfigurationReference = 6CE2F2DC9FF62457DFEF5D39 /* Pods-MyMeteo.release.xcconfig */;
			buildSettings = {
				ASSETCATALOG_COMPILER_APPICON_NAME = AppIcon;
				DEVELOPMENT_TEAM = DWK63N5W8D;
				INFOPLIST_FILE = MyMeteo/Info.plist;
				IPHONEOS_DEPLOYMENT_TARGET = 8.0;
				LD_RUNPATH_SEARCH_PATHS = "$(inherited) @executable_path/Frameworks";
				PRODUCT_BUNDLE_IDENTIFIER = com.hermanndorio.MyMeteo;
				PRODUCT_NAME = "$(TARGET_NAME)";
				SWIFT_VERSION = 3.0;
			};
			name = Release;
		};
/* End XCBuildConfiguration section */

/* Begin XCConfigurationList section */
		9C4E231D1DDD17B800269442 /* Build configuration list for PBXProject "MyMeteo" */ = {
			isa = XCConfigurationList;
			buildConfigurations = (
				9C4E23351DDD17B900269442 /* Debug */,
				9C4E23361DDD17B900269442 /* Release */,
			);
			defaultConfigurationIsVisible = 0;
			defaultConfigurationName = Release;
		};
		9C4E23371DDD17B900269442 /* Build configuration list for PBXNativeTarget "MyMeteo" */ = {
			isa = XCConfigurationList;
			buildConfigurations = (
				9C4E23381DDD17B900269442 /* Debug */,
				9C4E23391DDD17B900269442 /* Release */,
			);
			defaultConfigurationIsVisible = 0;
			defaultConfigurationName = Release;
		};
/* End XCConfigurationList section */

/* Begin XCVersionGroup section */
		9C4E232C1DDD17B900269442 /* MyMeteo.xcdatamodeld */ = {
			isa = XCVersionGroup;
			children = (
				9C4E232D1DDD17B900269442 /* MyMeteo.xcdatamodel */,
			);
			currentVersion = 9C4E232D1DDD17B900269442 /* MyMeteo.xcdatamodel */;
			path = MyMeteo.xcdatamodeld;
			sourceTree = "<group>";
			versionGroupType = wrapper.xcdatamodel;
		};
/* End XCVersionGroup section */
	};
	rootObject = 9C4E231A1DDD17B800269442 /* Project object */;
}
